
Microsoft Visual Studio Solution File, Format Version 12.00
# Visual Studio Version 16
VisualStudioVersion = 16.0.28803.202
MinimumVisualStudioVersion = 10.0.40219.1
Project("{FAE04EC0-301F-11D3-BF4B-00C04F79EFBC}") = "WpfApp1", "WpfApp1.csproj", "{B54D3C59-3724-4C54-95F3-C3C32DB6A59E}"
EndProject
Global
	GlobalSection(SolutionConfigurationPlatforms) = preSolution
		Debug|Any CPU = Debug|Any CPU
		Release|Any CPU = Release|Any CPU
	EndGlobalSection
	GlobalSection(ProjectConfigurationPlatforms) = postSolution
		{B54D3C59-3724-4C54-95F3-C3C32DB6A59E}.Debug|Any CPU.ActiveCfg = Debug|Any CPU
		{B54D3C59-3724-4C54-95F3-C3C32DB6A59E}.Debug|Any CPU.Build.0 = Debug|Any CPU
		{B54D3C59-3724-4C54-95F3-C3C32DB6A59E}.Release|Any CPU.ActiveCfg = Release|Any CPU
		{B54D3C59-3724-4C54-95F3-C3C32DB6A59E}.Release|Any CPU.Build.0 = Release|Any CPU
	EndGlobalSection
	GlobalSection(SolutionProperties) = preSolution
		HideSolutionNode = FALSE
	EndGlobalSection
	GlobalSection(ExtensibilityGlobals) = postSolution
		SolutionGuid = {D21CA0F2-3855-4076-BE0A-83C3CFA84752}
	EndGlobalSection
EndGlobal
