
Microsoft Visual Studio Solution File, Format Version 12.00
# Visual Studio Version 16
VisualStudioVersion = 16.0.28803.202
MinimumVisualStudioVersion = 10.0.40219.1
Project("{FAE04EC0-301F-11D3-BF4B-00C04F79EFBC}") = "WpfRoutedEvent_1", "WpfRoutedEvent_1.csproj", "{6E159E0E-5483-4E83-BAF6-1D5DA32F0EC0}"
EndProject
Global
	GlobalSection(SolutionConfigurationPlatforms) = preSolution
		Debug|Any CPU = Debug|Any CPU
		Release|Any CPU = Release|Any CPU
	EndGlobalSection
	GlobalSection(ProjectConfigurationPlatforms) = postSolution
		{6E159E0E-5483-4E83-BAF6-1D5DA32F0EC0}.Debug|Any CPU.ActiveCfg = Debug|Any CPU
		{6E159E0E-5483-4E83-BAF6-1D5DA32F0EC0}.Debug|Any CPU.Build.0 = Debug|Any CPU
		{6E159E0E-5483-4E83-BAF6-1D5DA32F0EC0}.Release|Any CPU.ActiveCfg = Release|Any CPU
		{6E159E0E-5483-4E83-BAF6-1D5DA32F0EC0}.Release|Any CPU.Build.0 = Release|Any CPU
	EndGlobalSection
	GlobalSection(SolutionProperties) = preSolution
		HideSolutionNode = FALSE
	EndGlobalSection
	GlobalSection(ExtensibilityGlobals) = postSolution
		SolutionGuid = {0E0D73E9-5BA2-4430-9956-5DB426E2F883}
	EndGlobalSection
EndGlobal
