
Microsoft Visual Studio Solution File, Format Version 12.00
# Visual Studio Version 17
VisualStudioVersion = 17.1.32210.238
MinimumVisualStudioVersion = 10.0.40219.1
Project("{9A19103F-16F7-4668-BE54-9A1E7A4F7556}") = "WpfApp1", "WpfApp1.csproj", "{5DDB7F83-FDD3-4E9C-B034-DEE1C977983C}"
EndProject
Global
	GlobalSection(SolutionConfigurationPlatforms) = preSolution
		Debug|Any CPU = Debug|Any CPU
		Release|Any CPU = Release|Any CPU
	EndGlobalSection
	GlobalSection(ProjectConfigurationPlatforms) = postSolution
		{5DDB7F83-FDD3-4E9C-B034-DEE1C977983C}.Debug|Any CPU.ActiveCfg = Debug|Any CPU
		{5DDB7F83-FDD3-4E9C-B034-DEE1C977983C}.Debug|Any CPU.Build.0 = Debug|Any CPU
		{5DDB7F83-FDD3-4E9C-B034-DEE1C977983C}.Release|Any CPU.ActiveCfg = Release|Any CPU
		{5DDB7F83-FDD3-4E9C-B034-DEE1C977983C}.Release|Any CPU.Build.0 = Release|Any CPU
	EndGlobalSection
	GlobalSection(SolutionProperties) = preSolution
		HideSolutionNode = FALSE
	EndGlobalSection
	GlobalSection(ExtensibilityGlobals) = postSolution
		SolutionGuid = {F1754822-67D1-4BF9-88AE-21877D71E3D3}
	EndGlobalSection
EndGlobal
