
Microsoft Visual Studio Solution File, Format Version 12.00
# Visual Studio Version 16
VisualStudioVersion = 16.0.28803.202
MinimumVisualStudioVersion = 10.0.40219.1
Project("{FAE04EC0-301F-11D3-BF4B-00C04F79EFBC}") = "WpfRoutedEvent_2", "WpfRoutedEvent_2.csproj", "{DD18B790-684C-43F3-AF3C-AB5B7DC32113}"
EndProject
Global
	GlobalSection(SolutionConfigurationPlatforms) = preSolution
		Debug|Any CPU = Debug|Any CPU
		Release|Any CPU = Release|Any CPU
	EndGlobalSection
	GlobalSection(ProjectConfigurationPlatforms) = postSolution
		{DD18B790-684C-43F3-AF3C-AB5B7DC32113}.Debug|Any CPU.ActiveCfg = Debug|Any CPU
		{DD18B790-684C-43F3-AF3C-AB5B7DC32113}.Debug|Any CPU.Build.0 = Debug|Any CPU
		{DD18B790-684C-43F3-AF3C-AB5B7DC32113}.Release|Any CPU.ActiveCfg = Release|Any CPU
		{DD18B790-684C-43F3-AF3C-AB5B7DC32113}.Release|Any CPU.Build.0 = Release|Any CPU
	EndGlobalSection
	GlobalSection(SolutionProperties) = preSolution
		HideSolutionNode = FALSE
	EndGlobalSection
	GlobalSection(ExtensibilityGlobals) = postSolution
		SolutionGuid = {D7CADD69-3E70-4451-B417-AF2EC1F8B6AB}
	EndGlobalSection
EndGlobal
