
Microsoft Visual Studio Solution File, Format Version 12.00
# Visual Studio Version 16
VisualStudioVersion = 16.0.28803.202
MinimumVisualStudioVersion = 10.0.40219.1
Project("{FAE04EC0-301F-11D3-BF4B-00C04F79EFBC}") = "WpfApp2", "WpfApp2.csproj", "{5BC99A2B-80DC-46A3-A66C-BE2B2869636E}"
EndProject
Global
	GlobalSection(SolutionConfigurationPlatforms) = preSolution
		Debug|Any CPU = Debug|Any CPU
		Release|Any CPU = Release|Any CPU
	EndGlobalSection
	GlobalSection(ProjectConfigurationPlatforms) = postSolution
		{5BC99A2B-80DC-46A3-A66C-BE2B2869636E}.Debug|Any CPU.ActiveCfg = Debug|Any CPU
		{5BC99A2B-80DC-46A3-A66C-BE2B2869636E}.Debug|Any CPU.Build.0 = Debug|Any CPU
		{5BC99A2B-80DC-46A3-A66C-BE2B2869636E}.Release|Any CPU.ActiveCfg = Release|Any CPU
		{5BC99A2B-80DC-46A3-A66C-BE2B2869636E}.Release|Any CPU.Build.0 = Release|Any CPU
	EndGlobalSection
	GlobalSection(SolutionProperties) = preSolution
		HideSolutionNode = FALSE
	EndGlobalSection
	GlobalSection(ExtensibilityGlobals) = postSolution
		SolutionGuid = {4C64A1C4-50E3-45F6-B736-A7A1086BA61E}
	EndGlobalSection
EndGlobal
