
Microsoft Visual Studio Solution File, Format Version 12.00
# Visual Studio Version 17
VisualStudioVersion = 17.1.32210.238
MinimumVisualStudioVersion = 10.0.40219.1
Project("{FAE04EC0-301F-11D3-BF4B-00C04F79EFBC}") = "WebApplication1", "WebApplication1\WebApplication1.csproj", "{B0ED150C-B38A-49B9-AAEE-441DF540CC2F}"
EndProject
Global
	GlobalSection(SolutionConfigurationPlatforms) = preSolution
		Debug|Any CPU = Debug|Any CPU
		Release|Any CPU = Release|Any CPU
	EndGlobalSection
	GlobalSection(ProjectConfigurationPlatforms) = postSolution
		{B0ED150C-B38A-49B9-AAEE-441DF540CC2F}.Debug|Any CPU.ActiveCfg = Debug|Any CPU
		{B0ED150C-B38A-49B9-AAEE-441DF540CC2F}.Debug|Any CPU.Build.0 = Debug|Any CPU
		{B0ED150C-B38A-49B9-AAEE-441DF540CC2F}.Release|Any CPU.ActiveCfg = Release|Any CPU
		{B0ED150C-B38A-49B9-AAEE-441DF540CC2F}.Release|Any CPU.Build.0 = Release|Any CPU
	EndGlobalSection
	GlobalSection(SolutionProperties) = preSolution
		HideSolutionNode = FALSE
	EndGlobalSection
	GlobalSection(ExtensibilityGlobals) = postSolution
		SolutionGuid = {24700A09-EB27-4FA9-AECB-7A698A07B030}
	EndGlobalSection
EndGlobal
