
Microsoft Visual Studio Solution File, Format Version 12.00
# Visual Studio Version 16
VisualStudioVersion = 16.0.28803.202
MinimumVisualStudioVersion = 10.0.40219.1
Project("{FAE04EC0-301F-11D3-BF4B-00C04F79EFBC}") = "WpfApp1", "WpfApp1.csproj", "{3B2F4E63-113D-4A3C-ACEE-6BBCE5902B08}"
EndProject
Global
	GlobalSection(SolutionConfigurationPlatforms) = preSolution
		Debug|Any CPU = Debug|Any CPU
		Release|Any CPU = Release|Any CPU
	EndGlobalSection
	GlobalSection(ProjectConfigurationPlatforms) = postSolution
		{3B2F4E63-113D-4A3C-ACEE-6BBCE5902B08}.Debug|Any CPU.ActiveCfg = Debug|Any CPU
		{3B2F4E63-113D-4A3C-ACEE-6BBCE5902B08}.Debug|Any CPU.Build.0 = Debug|Any CPU
		{3B2F4E63-113D-4A3C-ACEE-6BBCE5902B08}.Release|Any CPU.ActiveCfg = Release|Any CPU
		{3B2F4E63-113D-4A3C-ACEE-6BBCE5902B08}.Release|Any CPU.Build.0 = Release|Any CPU
	EndGlobalSection
	GlobalSection(SolutionProperties) = preSolution
		HideSolutionNode = FALSE
	EndGlobalSection
	GlobalSection(ExtensibilityGlobals) = postSolution
		SolutionGuid = {84EB1E27-5A0C-43BA-B094-F79DD2D6DC4B}
	EndGlobalSection
EndGlobal
